
Microsoft Visual Studio Solution File, Format Version 12.00
# Visual Studio Version 17
VisualStudioVersion = 17.5.33530.505
MinimumVisualStudioVersion = 10.0.40219.1
Project("{8BC9CEB8-8B4A-11D0-8D11-00A0C91BC942}") = "Ant", "Ant.vcxproj", "{08F01960-0EEF-4FF8-87B9-F1E946694419}"
EndProject
Global
	GlobalSection(SolutionConfigurationPlatforms) = preSolution
		Debug|x64 = Debug|x64
		Debug|x86 = Debug|x86
		Release|x64 = Release|x64
		Release|x86 = Release|x86
	EndGlobalSection
	GlobalSection(ProjectConfigurationPlatforms) = postSolution
		{08F01960-0EEF-4FF8-87B9-F1E946694419}.Debug|x64.ActiveCfg = Debug|x64
		{08F01960-0EEF-4FF8-87B9-F1E946694419}.Debug|x64.Build.0 = Debug|x64
		{08F01960-0EEF-4FF8-87B9-F1E946694419}.Debug|x86.ActiveCfg = Debug|Win32
		{08F01960-0EEF-4FF8-87B9-F1E946694419}.Debug|x86.Build.0 = Debug|Win32
		{08F01960-0EEF-4FF8-87B9-F1E946694419}.Release|x64.ActiveCfg = Release|x64
		{08F01960-0EEF-4FF8-87B9-F1E946694419}.Release|x64.Build.0 = Release|x64
		{08F01960-0EEF-4FF8-87B9-F1E946694419}.Release|x86.ActiveCfg = Release|Win32
		{08F01960-0EEF-4FF8-87B9-F1E946694419}.Release|x86.Build.0 = Release|Win32
	EndGlobalSection
	GlobalSection(SolutionProperties) = preSolution
		HideSolutionNode = FALSE
	EndGlobalSection
	GlobalSection(ExtensibilityGlobals) = postSolution
		SolutionGuid = {55CE5ADC-63BB-4350-BB76-E79EC13A633C}
	EndGlobalSection
EndGlobal
